// !$*UTF8*$!
{
	archiveVersion = 1;
	classes = {
	};
	objectVersion = 56;
	objects = {

/* Begin PBXBuildFile section */
		9C3ABD6C2CA31926009EE5E8 /* AppDelegate.swift in Sources */ = {isa = PBXBuildFile; fileRef = 9C3ABD6B2CA31926009EE5E8 /* AppDelegate.swift */; };
		9C3ABD6E2CA31926009EE5E8 /* SceneDelegate.swift in Sources */ = {isa = PBXBuildFile; fileRef = 9C3ABD6D2CA31926009EE5E8 /* SceneDelegate.swift */; };
		9C3ABD702CA31926009EE5E8 /* ViewController.swift in Sources */ = {isa = PBXBuildFile; fileRef = 9C3ABD6F2CA31926009EE5E8 /* ViewController.swift */; };
		9C3ABD732CA31926009EE5E8 /* Main.storyboard in Resources */ = {isa = PBXBuildFile; fileRef = 9C3ABD712CA31926009EE5E8 /* Main.storyboard */; };
		9C3ABD752CA31928009EE5E8 /* Assets.xcassets in Resources */ = {isa = PBXBuildFile; fileRef = 9C3ABD742CA31928009EE5E8 /* Assets.xcassets */; };
		9C3ABD782CA31928009EE5E8 /* LaunchScreen.storyboard in Resources */ = {isa = PBXBuildFile; fileRef = 9C3ABD762CA31928009EE5E8 /* LaunchScreen.storyboard */; };
		9C3ABD832CA31928009EE5E8 /* SwiftLearnByExamplesTests.swift in Sources */ = {isa = PBXBuildFile; fileRef = 9C3ABD822CA31928009EE5E8 /* SwiftLearnByExamplesTests.swift */; };
		9C3ABD8D2CA31928009EE5E8 /* SwiftLearnByExamplesUITests.swift in Sources */ = {isa = PBXBuildFile; fileRef = 9C3ABD8C2CA31928009EE5E8 /* SwiftLearnByExamplesUITests.swift */; };
		9C3ABD8F2CA31928009EE5E8 /* SwiftLearnByExamplesUITestsLaunchTests.swift in Sources */ = {isa = PBXBuildFile; fileRef = 9C3ABD8E2CA31928009EE5E8 /* SwiftLearnByExamplesUITestsLaunchTests.swift */; };
/* End PBXBuildFile section */

/* Begin PBXContainerItemProxy section */
		9C3ABD7F2CA31928009EE5E8 /* PBXContainerItemProxy */ = {
			isa = PBXContainerItemProxy;
			containerPortal = 9C3ABD602CA31926009EE5E8 /* Project object */;
			proxyType = 1;
			remoteGlobalIDString = 9C3ABD672CA31926009EE5E8;
			remoteInfo = SwiftLearnByExamples;
		};
		9C3ABD892CA31928009EE5E8 /* PBXContainerItemProxy */ = {
			isa = PBXContainerItemProxy;
			containerPortal = 9C3ABD602CA31926009EE5E8 /* Project object */;
			proxyType = 1;
			remoteGlobalIDString = 9C3ABD672CA31926009EE5E8;
			remoteInfo = SwiftLearnByExamples;
		};
/* End PBXContainerItemProxy section */

/* Begin PBXFileReference section */
		9C3ABD682CA31926009EE5E8 /* SwiftLearnByExamples.app */ = {isa = PBXFileReference; explicitFileType = wrapper.application; includeInIndex = 0; path = SwiftLearnByExamples.app; sourceTree = BUILT_PRODUCTS_DIR; };
		9C3ABD6B2CA31926009EE5E8 /* AppDelegate.swift */ = {isa = PBXFileReference; lastKnownFileType = sourcecode.swift; path = AppDelegate.swift; sourceTree = "<group>"; };
		9C3ABD6D2CA31926009EE5E8 /* SceneDelegate.swift */ = {isa = PBXFileReference; lastKnownFileType = sourcecode.swift; path = SceneDelegate.swift; sourceTree = "<group>"; };
		9C3ABD6F2CA31926009EE5E8 /* ViewController.swift */ = {isa = PBXFileReference; lastKnownFileType = sourcecode.swift; path = ViewController.swift; sourceTree = "<group>"; };
		9C3ABD722CA31926009EE5E8 /* Base */ = {isa = PBXFileReference; lastKnownFileType = file.storyboard; name = Base; path = Base.lproj/Main.storyboard; sourceTree = "<group>"; };
		9C3ABD742CA31928009EE5E8 /* Assets.xcassets */ = {isa = PBXFileReference; lastKnownFileType = folder.assetcatalog; path = Assets.xcassets; sourceTree = "<group>"; };
		9C3ABD772CA31928009EE5E8 /* Base */ = {isa = PBXFileReference; lastKnownFileType = file.storyboard; name = Base; path = Base.lproj/LaunchScreen.storyboard; sourceTree = "<group>"; };
		9C3ABD792CA31928009EE5E8 /* Info.plist */ = {isa = PBXFileReference; lastKnownFileType = text.plist.xml; path = Info.plist; sourceTree = "<group>"; };
		9C3ABD7E2CA31928009EE5E8 /* SwiftLearnByExamplesTests.xctest */ = {isa = PBXFileReference; explicitFileType = wrapper.cfbundle; includeInIndex = 0; path = SwiftLearnByExamplesTests.xctest; sourceTree = BUILT_PRODUCTS_DIR; };
		9C3ABD822CA31928009EE5E8 /* SwiftLearnByExamplesTests.swift */ = {isa = PBXFileReference; lastKnownFileType = sourcecode.swift; path = SwiftLearnByExamplesTests.swift; sourceTree = "<group>"; };
		9C3ABD882CA31928009EE5E8 /* SwiftLearnByExamplesUITests.xctest */ = {isa = PBXFileReference; explicitFileType = wrapper.cfbundle; includeInIndex = 0; path = SwiftLearnByExamplesUITests.xctest; sourceTree = BUILT_PRODUCTS_DIR; };
		9C3ABD8C2CA31928009EE5E8 /* SwiftLearnByExamplesUITests.swift */ = {isa = PBXFileReference; lastKnownFileType = sourcecode.swift; path = SwiftLearnByExamplesUITests.swift; sourceTree = "<group>"; };
		9C3ABD8E2CA31928009EE5E8 /* SwiftLearnByExamplesUITestsLaunchTests.swift */ = {isa = PBXFileReference; lastKnownFileType = sourcecode.swift; path = SwiftLearnByExamplesUITestsLaunchTests.swift; sourceTree = "<group>"; };
/* End PBXFileReference section */

/* Begin PBXFrameworksBuildPhase section */
		9C3ABD652CA31926009EE5E8 /* Frameworks */ = {
			isa = PBXFrameworksBuildPhase;
			buildActionMask = 2147483647;
			files = (
			);
			runOnlyForDeploymentPostprocessing = 0;
		};
		9C3ABD7B2CA31928009EE5E8 /* Frameworks */ = {
			isa = PBXFrameworksBuildPhase;
			buildActionMask = 2147483647;
			files = (
			);
			runOnlyForDeploymentPostprocessing = 0;
		};
		9C3ABD852CA31928009EE5E8 /* Frameworks */ = {
			isa = PBXFrameworksBuildPhase;
			buildActionMask = 2147483647;
			files = (
			);
			runOnlyForDeploymentPostprocessing = 0;
		};
/* End PBXFrameworksBuildPhase section */

/* Begin PBXGroup section */
		9C3ABD5F2CA31926009EE5E8 = {
			isa = PBXGroup;
			children = (
				9C3ABD6A2CA31926009EE5E8 /* SwiftLearnByExamples */,
				9C3ABD812CA31928009EE5E8 /* SwiftLearnByExamplesTests */,
				9C3ABD8B2CA31928009EE5E8 /* SwiftLearnByExamplesUITests */,
				9C3ABD692CA31926009EE5E8 /* Products */,
			);
			sourceTree = "<group>";
		};
		9C3ABD692CA31926009EE5E8 /* Products */ = {
			isa = PBXGroup;
			children = (
				9C3ABD682CA31926009EE5E8 /* SwiftLearnByExamples.app */,
				9C3ABD7E2CA31928009EE5E8 /* SwiftLearnByExamplesTests.xctest */,
				9C3ABD882CA31928009EE5E8 /* SwiftLearnByExamplesUITests.xctest */,
			);
			name = Products;
			sourceTree = "<group>";
		};
		9C3ABD6A2CA31926009EE5E8 /* SwiftLearnByExamples */ = {
			isa = PBXGroup;
			children = (
				9C3ABD6B2CA31926009EE5E8 /* AppDelegate.swift */,
				9C3ABD6D2CA31926009EE5E8 /* SceneDelegate.swift */,
				9C3ABD6F2CA31926009EE5E8 /* ViewController.swift */,
				9C3ABD712CA31926009EE5E8 /* Main.storyboard */,
				9C3ABD742CA31928009EE5E8 /* Assets.xcassets */,
				9C3ABD762CA31928009EE5E8 /* LaunchScreen.storyboard */,
				9C3ABD792CA31928009EE5E8 /* Info.plist */,
			);
			path = SwiftLearnByExamples;
			sourceTree = "<group>";
		};
		9C3ABD812CA31928009EE5E8 /* SwiftLearnByExamplesTests */ = {
			isa = PBXGroup;
			children = (
				9C3ABD822CA31928009EE5E8 /* SwiftLearnByExamplesTests.swift */,
			);
			path = SwiftLearnByExamplesTests;
			sourceTree = "<group>";
		};
		9C3ABD8B2CA31928009EE5E8 /* SwiftLearnByExamplesUITests */ = {
			isa = PBXGroup;
			children = (
				9C3ABD8C2CA31928009EE5E8 /* SwiftLearnByExamplesUITests.swift */,
				9C3ABD8E2CA31928009EE5E8 /* SwiftLearnByExamplesUITestsLaunchTests.swift */,
			);
			path = SwiftLearnByExamplesUITests;
			sourceTree = "<group>";
		};
/* End PBXGroup section */

/* Begin PBXNativeTarget section */
		9C3ABD672CA31926009EE5E8 /* SwiftLearnByExamples */ = {
			isa = PBXNativeTarget;
			buildConfigurationList = 9C3ABD922CA31928009EE5E8 /* Build configuration list for PBXNativeTarget "SwiftLearnByExamples" */;
			buildPhases = (
				9C3ABD642CA31926009EE5E8 /* Sources */,
				9C3ABD652CA31926009EE5E8 /* Frameworks */,
				9C3ABD662CA31926009EE5E8 /* Resources */,
			);
			buildRules = (
			);
			dependencies = (
			);
			name = SwiftLearnByExamples;
			productName = SwiftLearnByExamples;
			productReference = 9C3ABD682CA31926009EE5E8 /* SwiftLearnByExamples.app */;
			productType = "com.apple.product-type.application";
		};
		9C3ABD7D2CA31928009EE5E8 /* SwiftLearnByExamplesTests */ = {
			isa = PBXNativeTarget;
			buildConfigurationList = 9C3ABD952CA31928009EE5E8 /* Build configuration list for PBXNativeTarget "SwiftLearnByExamplesTests" */;
			buildPhases = (
				9C3ABD7A2CA31928009EE5E8 /* Sources */,
				9C3ABD7B2CA31928009EE5E8 /* Frameworks */,
				9C3ABD7C2CA31928009EE5E8 /* Resources */,
			);
			buildRules = (
			);
			dependencies = (
				9C3ABD802CA31928009EE5E8 /* PBXTargetDependency */,
			);
			name = SwiftLearnByExamplesTests;
			productName = SwiftLearnByExamplesTests;
			productReference = 9C3ABD7E2CA31928009EE5E8 /* SwiftLearnByExamplesTests.xctest */;
			productType = "com.apple.product-type.bundle.unit-test";
		};
		9C3ABD872CA31928009EE5E8 /* SwiftLearnByExamplesUITests */ = {
			isa = PBXNativeTarget;
			buildConfigurationList = 9C3ABD982CA31928009EE5E8 /* Build configuration list for PBXNativeTarget "SwiftLearnByExamplesUITests" */;
			buildPhases = (
				9C3ABD842CA31928009EE5E8 /* Sources */,
				9C3ABD852CA31928009EE5E8 /* Frameworks */,
				9C3ABD862CA31928009EE5E8 /* Resources */,
			);
			buildRules = (
			);
			dependencies = (
				9C3ABD8A2CA31928009EE5E8 /* PBXTargetDependency */,
			);
			name = SwiftLearnByExamplesUITests;
			productName = SwiftLearnByExamplesUITests;
			productReference = 9C3ABD882CA31928009EE5E8 /* SwiftLearnByExamplesUITests.xctest */;
			productType = "com.apple.product-type.bundle.ui-testing";
		};
/* End PBXNativeTarget section */

/* Begin PBXProject section */
		9C3ABD602CA31926009EE5E8 /* Project object */ = {
			isa = PBXProject;
			attributes = {
				BuildIndependentTargetsInParallel = 1;
				LastSwiftUpdateCheck = 1410;
				LastUpgradeCheck = 1410;
				TargetAttributes = {
					9C3ABD672CA31926009EE5E8 = {
						CreatedOnToolsVersion = 14.1;
					};
					9C3ABD7D2CA31928009EE5E8 = {
						CreatedOnToolsVersion = 14.1;
						TestTargetID = 9C3ABD672CA31926009EE5E8;
					};
					9C3ABD872CA31928009EE5E8 = {
						CreatedOnToolsVersion = 14.1;
						TestTargetID = 9C3ABD672CA31926009EE5E8;
					};
				};
			};
			buildConfigurationList = 9C3ABD632CA31926009EE5E8 /* Build configuration list for PBXProject "SwiftLearnByExamples" */;
			compatibilityVersion = "Xcode 14.0";
			developmentRegion = en;
			hasScannedForEncodings = 0;
			knownRegions = (
				en,
				Base,
			);
			mainGroup = 9C3ABD5F2CA31926009EE5E8;
			productRefGroup = 9C3ABD692CA31926009EE5E8 /* Products */;
			projectDirPath = "";
			projectRoot = "";
			targets = (
				9C3ABD672CA31926009EE5E8 /* SwiftLearnByExamples */,
				9C3ABD7D2CA31928009EE5E8 /* SwiftLearnByExamplesTests */,
				9C3ABD872CA31928009EE5E8 /* SwiftLearnByExamplesUITests */,
			);
		};
/* End PBXProject section */

/* Begin PBXResourcesBuildPhase section */
		9C3ABD662CA31926009EE5E8 /* Resources */ = {
			isa = PBXResourcesBuildPhase;
			buildActionMask = 2147483647;
			files = (
				9C3ABD782CA31928009EE5E8 /* LaunchScreen.storyboard in Resources */,
				9C3ABD752CA31928009EE5E8 /* Assets.xcassets in Resources */,
				9C3ABD732CA31926009EE5E8 /* Main.storyboard in Resources */,
			);
			runOnlyForDeploymentPostprocessing = 0;
		};
		9C3ABD7C2CA31928009EE5E8 /* Resources */ = {
			isa = PBXResourcesBuildPhase;
			buildActionMask = 2147483647;
			files = (
			);
			runOnlyForDeploymentPostprocessing = 0;
		};
		9C3ABD862CA31928009EE5E8 /* Resources */ = {
			isa = PBXResourcesBuildPhase;
			buildActionMask = 2147483647;
			files = (
			);
			runOnlyForDeploymentPostprocessing = 0;
		};
/* End PBXResourcesBuildPhase section */

/* Begin PBXSourcesBuildPhase section */
		9C3ABD642CA31926009EE5E8 /* Sources */ = {
			isa = PBXSourcesBuildPhase;
			buildActionMask = 2147483647;
			files = (
				9C3ABD702CA31926009EE5E8 /* ViewController.swift in Sources */,
				9C3ABD6C2CA31926009EE5E8 /* AppDelegate.swift in Sources */,
				9C3ABD6E2CA31926009EE5E8 /* SceneDelegate.swift in Sources */,
			);
			runOnlyForDeploymentPostprocessing = 0;
		};
		9C3ABD7A2CA31928009EE5E8 /* Sources */ = {
			isa = PBXSourcesBuildPhase;
			buildActionMask = 2147483647;
			files = (
				9C3ABD832CA31928009EE5E8 /* SwiftLearnByExamplesTests.swift in Sources */,
			);
			runOnlyForDeploymentPostprocessing = 0;
		};
		9C3ABD842CA31928009EE5E8 /* Sources */ = {
			isa = PBXSourcesBuildPhase;
			buildActionMask = 2147483647;
			files = (
				9C3ABD8D2CA31928009EE5E8 /* SwiftLearnByExamplesUITests.swift in Sources */,
				9C3ABD8F2CA31928009EE5E8 /* SwiftLearnByExamplesUITestsLaunchTests.swift in Sources */,
			);
			runOnlyForDeploymentPostprocessing = 0;
		};
/* End PBXSourcesBuildPhase section */

/* Begin PBXTargetDependency section */
		9C3ABD802CA31928009EE5E8 /* PBXTargetDependency */ = {
			isa = PBXTargetDependency;
			target = 9C3ABD672CA31926009EE5E8 /* SwiftLearnByExamples */;
			targetProxy = 9C3ABD7F2CA31928009EE5E8 /* PBXContainerItemProxy */;
		};
		9C3ABD8A2CA31928009EE5E8 /* PBXTargetDependency */ = {
			isa = PBXTargetDependency;
			target = 9C3ABD672CA31926009EE5E8 /* SwiftLearnByExamples */;
			targetProxy = 9C3ABD892CA31928009EE5E8 /* PBXContainerItemProxy */;
		};
/* End PBXTargetDependency section */

/* Begin PBXVariantGroup section */
		9C3ABD712CA31926009EE5E8 /* Main.storyboard */ = {
			isa = PBXVariantGroup;
			children = (
				9C3ABD722CA31926009EE5E8 /* Base */,
			);
			name = Main.storyboard;
			sourceTree = "<group>";
		};
		9C3ABD762CA31928009EE5E8 /* LaunchScreen.storyboard */ = {
			isa = PBXVariantGroup;
			children = (
				9C3ABD772CA31928009EE5E8 /* Base */,
			);
			name = LaunchScreen.storyboard;
			sourceTree = "<group>";
		};
/* End PBXVariantGroup section */

/* Begin XCBuildConfiguration section */
		9C3ABD902CA31928009EE5E8 /* Debug */ = {
			isa = XCBuildConfiguration;
			buildSettings = {
				ALWAYS_SEARCH_USER_PATHS = NO;
				CLANG_ANALYZER_NONNULL = YES;
				CLANG_ANALYZER_NUMBER_OBJECT_CONVERSION = YES_AGGRESSIVE;
				CLANG_CXX_LANGUAGE_STANDARD = "gnu++20";
				CLANG_ENABLE_MODULES = YES;
				CLANG_ENABLE_OBJC_ARC = YES;
				CLANG_ENABLE_OBJC_WEAK = YES;
				CLANG_WARN_BLOCK_CAPTURE_AUTORELEASING = YES;
				CLANG_WARN_BOOL_CONVERSION = YES;
				CLANG_WARN_COMMA = YES;
				CLANG_WARN_CONSTANT_CONVERSION = YES;
				CLANG_WARN_DEPRECATED_OBJC_IMPLEMENTATIONS = YES;
				CLANG_WARN_DIRECT_OBJC_ISA_USAGE = YES_ERROR;
				CLANG_WARN_DOCUMENTATION_COMMENTS = YES;
				CLANG_WARN_EMPTY_BODY = YES;
				CLANG_WARN_ENUM_CONVERSION = YES;
				CLANG_WARN_INFINITE_RECURSION = YES;
				CLANG_WARN_INT_CONVERSION = YES;
				CLANG_WARN_NON_LITERAL_NULL_CONVERSION = YES;
				CLANG_WARN_OBJC_IMPLICIT_RETAIN_SELF = YES;
				CLANG_WARN_OBJC_LITERAL_CONVERSION = YES;
				CLANG_WARN_OBJC_ROOT_CLASS = YES_ERROR;
				CLANG_WARN_QUOTED_INCLUDE_IN_FRAMEWORK_HEADER = YES;
				CLANG_WARN_RANGE_LOOP_ANALYSIS = YES;
				CLANG_WARN_STRICT_PROTOTYPES = YES;
				CLANG_WARN_SUSPICIOUS_MOVE = YES;
				CLANG_WARN_UNGUARDED_AVAILABILITY = YES_AGGRESSIVE;
				CLANG_WARN_UNREACHABLE_CODE = YES;
				CLANG_WARN__DUPLICATE_METHOD_MATCH = YES;
				COPY_PHASE_STRIP = NO;
				DEBUG_INFORMATION_FORMAT = dwarf;
				ENABLE_STRICT_OBJC_MSGSEND = YES;
				ENABLE_TESTABILITY = YES;
				GCC_C_LANGUAGE_STANDARD = gnu11;
				GCC_DYNAMIC_NO_PIC = NO;
				GCC_NO_COMMON_BLOCKS = YES;
				GCC_OPTIMIZATION_LEVEL = 0;
				GCC_PREPROCESSOR_DEFINITIONS = (
					"DEBUG=1",
					"$(inherited)",
				);
				GCC_WARN_64_TO_32_BIT_CONVERSION = YES;
				GCC_WARN_ABOUT_RETURN_TYPE = YES_ERROR;
				GCC_WARN_UNDECLARED_SELECTOR = YES;
				GCC_WARN_UNINITIALIZED_AUTOS = YES_AGGRESSIVE;
				GCC_WARN_UNUSED_FUNCTION = YES;
				GCC_WARN_UNUSED_VARIABLE = YES;
				IPHONEOS_DEPLOYMENT_TARGET = 16.1;
				MTL_ENABLE_DEBUG_INFO = INCLUDE_SOURCE;
				MTL_FAST_MATH = YES;
				ONLY_ACTIVE_ARCH = YES;
				SDKROOT = iphoneos;
				SWIFT_ACTIVE_COMPILATION_CONDITIONS = DEBUG;
				SWIFT_OPTIMIZATION_LEVEL = "-Onone";
			};
			name = Debug;
		};
		9C3ABD912CA31928009EE5E8 /* Release */ = {
			isa = XCBuildConfiguration;
			buildSettings = {
				ALWAYS_SEARCH_USER_PATHS = NO;
				CLANG_ANALYZER_NONNULL = YES;
				CLANG_ANALYZER_NUMBER_OBJECT_CONVERSION = YES_AGGRESSIVE;
				CLANG_CXX_LANGUAGE_STANDARD = "gnu++20";
				CLANG_ENABLE_MODULES = YES;
				CLANG_ENABLE_OBJC_ARC = YES;
				CLANG_ENABLE_OBJC_WEAK = YES;
				CLANG_WARN_BLOCK_CAPTURE_AUTORELEASING = YES;
				CLANG_WARN_BOOL_CONVERSION = YES;
				CLANG_WARN_COMMA = YES;
				CLANG_WARN_CONSTANT_CONVERSION = YES;
				CLANG_WARN_DEPRECATED_OBJC_IMPLEMENTATIONS = YES;
				CLANG_WARN_DIRECT_OBJC_ISA_USAGE = YES_ERROR;
				CLANG_WARN_DOCUMENTATION_COMMENTS = YES;
				CLANG_WARN_EMPTY_BODY = YES;
				CLANG_WARN_ENUM_CONVERSION = YES;
				CLANG_WARN_INFINITE_RECURSION = YES;
				CLANG_WARN_INT_CONVERSION = YES;
				CLANG_WARN_NON_LITERAL_NULL_CONVERSION = YES;
				CLANG_WARN_OBJC_IMPLICIT_RETAIN_SELF = YES;
				CLANG_WARN_OBJC_LITERAL_CONVERSION = YES;
				CLANG_WARN_OBJC_ROOT_CLASS = YES_ERROR;
				CLANG_WARN_QUOTED_INCLUDE_IN_FRAMEWORK_HEADER = YES;
				CLANG_WARN_RANGE_LOOP_ANALYSIS = YES;
				CLANG_WARN_STRICT_PROTOTYPES = YES;
				CLANG_WARN_SUSPICIOUS_MOVE = YES;
				CLANG_WARN_UNGUARDED_AVAILABILITY = YES_AGGRESSIVE;
				CLANG_WARN_UNREACHABLE_CODE = YES;
				CLANG_WARN__DUPLICATE_METHOD_MATCH = YES;
				COPY_PHASE_STRIP = NO;
				DEBUG_INFORMATION_FORMAT = "dwarf-with-dsym";
				ENABLE_NS_ASSERTIONS = NO;
				ENABLE_STRICT_OBJC_MSGSEND = YES;
				GCC_C_LANGUAGE_STANDARD = gnu11;
				GCC_NO_COMMON_BLOCKS = YES;
				GCC_WARN_64_TO_32_BIT_CONVERSION = YES;
				GCC_WARN_ABOUT_RETURN_TYPE = YES_ERROR;
				GCC_WARN_UNDECLARED_SELECTOR = YES;
				GCC_WARN_UNINITIALIZED_AUTOS = YES_AGGRESSIVE;
				GCC_WARN_UNUSED_FUNCTION = YES;
				GCC_WARN_UNUSED_VARIABLE = YES;
				IPHONEOS_DEPLOYMENT_TARGET = 16.1;
				MTL_ENABLE_DEBUG_INFO = NO;
				MTL_FAST_MATH = YES;
				SDKROOT = iphoneos;
				SWIFT_COMPILATION_MODE = wholemodule;
				SWIFT_OPTIMIZATION_LEVEL = "-O";
				VALIDATE_PRODUCT = YES;
			};
			name = Release;
		};
		9C3ABD932CA31928009EE5E8 /* Debug */ = {
			isa = XCBuildConfiguration;
			buildSettings = {
				ASSETCATALOG_COMPILER_APPICON_NAME = AppIcon;
				ASSETCATALOG_COMPILER_GLOBAL_ACCENT_COLOR_NAME = AccentColor;
				CODE_SIGN_STYLE = Automatic;
				CURRENT_PROJECT_VERSION = 1;
				GENERATE_INFOPLIST_FILE = YES;
				INFOPLIST_FILE = SwiftLearnByExamples/Info.plist;
				INFOPLIST_KEY_UIApplicationSupportsIndirectInputEvents = YES;
				INFOPLIST_KEY_UILaunchStoryboardName = LaunchScreen;
				INFOPLIST_KEY_UIMainStoryboardFile = Main;
				INFOPLIST_KEY_UISupportedInterfaceOrientations_iPad = "UIInterfaceOrientationPortrait UIInterfaceOrientationPortraitUpsideDown UIInterfaceOrientationLandscapeLeft UIInterfaceOrientationLandscapeRight";
				INFOPLIST_KEY_UISupportedInterfaceOrientations_iPhone = "UIInterfaceOrientationPortrait UIInterfaceOrientationLandscapeLeft UIInterfaceOrientationLandscapeRight";
				LD_RUNPATH_SEARCH_PATHS = (
					"$(inherited)",
					"@executable_path/Frameworks",
				);
				MARKETING_VERSION = 1.0;
				PRODUCT_BUNDLE_IDENTIFIER = com.swift.learByExamples.SwiftLearnByExamples;
				PRODUCT_NAME = "$(TARGET_NAME)";
				SWIFT_EMIT_LOC_STRINGS = YES;
				SWIFT_VERSION = 5.0;
				TARGETED_DEVICE_FAMILY = "1,2";
			};
			name = Debug;
		};
		9C3ABD942CA31928009EE5E8 /* Release */ = {
			isa = XCBuildConfiguration;
			buildSettings = {
				ASSETCATALOG_COMPILER_APPICON_NAME = AppIcon;
				ASSETCATALOG_COMPILER_GLOBAL_ACCENT_COLOR_NAME = AccentColor;
				CODE_SIGN_STYLE = Automatic;
				CURRENT_PROJECT_VERSION = 1;
				GENERATE_INFOPLIST_FILE = YES;
				INFOPLIST_FILE = SwiftLearnByExamples/Info.plist;
				INFOPLIST_KEY_UIApplicationSupportsIndirectInputEvents = YES;
				INFOPLIST_KEY_UILaunchStoryboardName = LaunchScreen;
				INFOPLIST_KEY_UIMainStoryboardFile = Main;
				INFOPLIST_KEY_UISupportedInterfaceOrientations_iPad = "UIInterfaceOrientationPortrait UIInterfaceOrientationPortraitUpsideDown UIInterfaceOrientationLandscapeLeft UIInterfaceOrientationLandscapeRight";
				INFOPLIST_KEY_UISupportedInterfaceOrientations_iPhone = "UIInterfaceOrientationPortrait UIInterfaceOrientationLandscapeLeft UIInterfaceOrientationLandscapeRight";
				LD_RUNPATH_SEARCH_PATHS = (
					"$(inherited)",
					"@executable_path/Frameworks",
				);
				MARKETING_VERSION = 1.0;
				PRODUCT_BUNDLE_IDENTIFIER = com.swift.learByExamples.SwiftLearnByExamples;
				PRODUCT_NAME = "$(TARGET_NAME)";
				SWIFT_EMIT_LOC_STRINGS = YES;
				SWIFT_VERSION = 5.0;
				TARGETED_DEVICE_FAMILY = "1,2";
			};
			name = Release;
		};
		9C3ABD962CA31928009EE5E8 /* Debug */ = {
			isa = XCBuildConfiguration;
			buildSettings = {
				ALWAYS_EMBED_SWIFT_STANDARD_LIBRARIES = YES;
				BUNDLE_LOADER = "$(TEST_HOST)";
				CODE_SIGN_STYLE = Automatic;
				CURRENT_PROJECT_VERSION = 1;
				GENERATE_INFOPLIST_FILE = YES;
				IPHONEOS_DEPLOYMENT_TARGET = 16.1;
				MARKETING_VERSION = 1.0;
				PRODUCT_BUNDLE_IDENTIFIER = com.swift.learByExamples.SwiftLearnByExamplesTests;
				PRODUCT_NAME = "$(TARGET_NAME)";
				SWIFT_EMIT_LOC_STRINGS = NO;
				SWIFT_VERSION = 5.0;
				TARGETED_DEVICE_FAMILY = "1,2";
				TEST_HOST = "$(BUILT_PRODUCTS_DIR)/SwiftLearnByExamples.app/$(BUNDLE_EXECUTABLE_FOLDER_PATH)/SwiftLearnByExamples";
			};
			name = Debug;
		};
		9C3ABD972CA31928009EE5E8 /* Release */ = {
			isa = XCBuildConfiguration;
			buildSettings = {
				ALWAYS_EMBED_SWIFT_STANDARD_LIBRARIES = YES;
				BUNDLE_LOADER = "$(TEST_HOST)";
				CODE_SIGN_STYLE = Automatic;
				CURRENT_PROJECT_VERSION = 1;
				GENERATE_INFOPLIST_FILE = YES;
				IPHONEOS_DEPLOYMENT_TARGET = 16.1;
				MARKETING_VERSION = 1.0;
				PRODUCT_BUNDLE_IDENTIFIER = com.swift.learByExamples.SwiftLearnByExamplesTests;
				PRODUCT_NAME = "$(TARGET_NAME)";
				SWIFT_EMIT_LOC_STRINGS = NO;
				SWIFT_VERSION = 5.0;
				TARGETED_DEVICE_FAMILY = "1,2";
				TEST_HOST = "$(BUILT_PRODUCTS_DIR)/SwiftLearnByExamples.app/$(BUNDLE_EXECUTABLE_FOLDER_PATH)/SwiftLearnByExamples";
			};
			name = Release;
		};
		9C3ABD992CA31928009EE5E8 /* Debug */ = {
			isa = XCBuildConfiguration;
			buildSettings = {
				ALWAYS_EMBED_SWIFT_STANDARD_LIBRARIES = YES;
				CODE_SIGN_STYLE = Automatic;
				CURRENT_PROJECT_VERSION = 1;
				GENERATE_INFOPLIST_FILE = YES;
				MARKETING_VERSION = 1.0;
				PRODUCT_BUNDLE_IDENTIFIER = com.swift.learByExamples.SwiftLearnByExamplesUITests;
				PRODUCT_NAME = "$(TARGET_NAME)";
				SWIFT_EMIT_LOC_STRINGS = NO;
				SWIFT_VERSION = 5.0;
				TARGETED_DEVICE_FAMILY = "1,2";
				TEST_TARGET_NAME = SwiftLearnByExamples;
			};
			name = Debug;
		};
		9C3ABD9A2CA31928009EE5E8 /* Release */ = {
			isa = XCBuildConfiguration;
			buildSettings = {
				ALWAYS_EMBED_SWIFT_STANDARD_LIBRARIES = YES;
				CODE_SIGN_STYLE = Automatic;
				CURRENT_PROJECT_VERSION = 1;
				GENERATE_INFOPLIST_FILE = YES;
				MARKETING_VERSION = 1.0;
				PRODUCT_BUNDLE_IDENTIFIER = com.swift.learByExamples.SwiftLearnByExamplesUITests;
				PRODUCT_NAME = "$(TARGET_NAME)";
				SWIFT_EMIT_LOC_STRINGS = NO;
				SWIFT_VERSION = 5.0;
				TARGETED_DEVICE_FAMILY = "1,2";
				TEST_TARGET_NAME = SwiftLearnByExamples;
			};
			name = Release;
		};
/* End XCBuildConfiguration section */

/* Begin XCConfigurationList section */
		9C3ABD632CA31926009EE5E8 /* Build configuration list for PBXProject "SwiftLearnByExamples" */ = {
			isa = XCConfigurationList;
			buildConfigurations = (
				9C3ABD902CA31928009EE5E8 /* Debug */,
				9C3ABD912CA31928009EE5E8 /* Release */,
			);
			defaultConfigurationIsVisible = 0;
			defaultConfigurationName = Release;
		};
		9C3ABD922CA31928009EE5E8 /* Build configuration list for PBXNativeTarget "SwiftLearnByExamples" */ = {
			isa = XCConfigurationList;
			buildConfigurations = (
				9C3ABD932CA31928009EE5E8 /* Debug */,
				9C3ABD942CA31928009EE5E8 /* Release */,
			);
			defaultConfigurationIsVisible = 0;
			defaultConfigurationName = Release;
		};
		9C3ABD952CA31928009EE5E8 /* Build configuration list for PBXNativeTarget "SwiftLearnByExamplesTests" */ = {
			isa = XCConfigurationList;
			buildConfigurations = (
				9C3ABD962CA31928009EE5E8 /* Debug */,
				9C3ABD972CA31928009EE5E8 /* Release */,
			);
			defaultConfigurationIsVisible = 0;
			defaultConfigurationName = Release;
		};
		9C3ABD982CA31928009EE5E8 /* Build configuration list for PBXNativeTarget "SwiftLearnByExamplesUITests" */ = {
			isa = XCConfigurationList;
			buildConfigurations = (
				9C3ABD992CA31928009EE5E8 /* Debug */,
				9C3ABD9A2CA31928009EE5E8 /* Release */,
			);
			defaultConfigurationIsVisible = 0;
			defaultConfigurationName = Release;
		};
/* End XCConfigurationList section */
	};
	rootObject = 9C3ABD602CA31926009EE5E8 /* Project object */;
}
